
Microsoft Visual Studio Solution File, Format Version 12.00
# Visual Studio 15
Project("{FAE04EC0-301F-11D3-BF4B-00C04F79EFBC}") = "ClearTest", "SmsCode\ClearTest.csproj", "{0E9E6F89-9823-463B-B09C-F4CB4DFDE3A0}"
EndProject
Global
	GlobalSection(SolutionConfigurationPlatforms) = preSolution
		Debug|iPhoneSimulator = Debug|iPhoneSimulator
		Release|iPhoneSimulator = Release|iPhoneSimulator
		Debug|iPhone = Debug|iPhone
		Release|iPhone = Release|iPhone
	EndGlobalSection
	GlobalSection(ProjectConfigurationPlatforms) = postSolution
		{0E9E6F89-9823-463B-B09C-F4CB4DFDE3A0}.Debug|iPhoneSimulator.ActiveCfg = Debug|iPhoneSimulator
		{0E9E6F89-9823-463B-B09C-F4CB4DFDE3A0}.Debug|iPhoneSimulator.Build.0 = Debug|iPhoneSimulator
		{0E9E6F89-9823-463B-B09C-F4CB4DFDE3A0}.Release|iPhoneSimulator.ActiveCfg = Release|iPhoneSimulator
		{0E9E6F89-9823-463B-B09C-F4CB4DFDE3A0}.Release|iPhoneSimulator.Build.0 = Release|iPhoneSimulator
		{0E9E6F89-9823-463B-B09C-F4CB4DFDE3A0}.Debug|iPhone.ActiveCfg = Debug|iPhone
		{0E9E6F89-9823-463B-B09C-F4CB4DFDE3A0}.Debug|iPhone.Build.0 = Debug|iPhone
		{0E9E6F89-9823-463B-B09C-F4CB4DFDE3A0}.Release|iPhone.ActiveCfg = Release|iPhone
		{0E9E6F89-9823-463B-B09C-F4CB4DFDE3A0}.Release|iPhone.Build.0 = Release|iPhone
	EndGlobalSection
EndGlobal
